
Microsoft Visual Studio Solution File, Format Version 12.00
# Visual Studio 15
VisualStudioVersion = 15.0.27130.2036
MinimumVisualStudioVersion = 10.0.40219.1
Project("{FAE04EC0-301F-11D3-BF4B-00C04F79EFBC}") = "KD.DllInjector", "KD.DllInjector\KD.DllInjector.csproj", "{B80F322F-9796-44E5-9946-CEEB9A37176C}"
EndProject
Global
	GlobalSection(SolutionConfigurationPlatforms) = preSolution
		Debug|Any CPU = Debug|Any CPU
		Release|Any CPU = Release|Any CPU
	EndGlobalSection
	GlobalSection(ProjectConfigurationPlatforms) = postSolution
		{B80F322F-9796-44E5-9946-CEEB9A37176C}.Debug|Any CPU.ActiveCfg = Debug|Any CPU
		{B80F322F-9796-44E5-9946-CEEB9A37176C}.Debug|Any CPU.Build.0 = Debug|Any CPU
		{B80F322F-9796-44E5-9946-CEEB9A37176C}.Release|Any CPU.ActiveCfg = Release|Any CPU
		{B80F322F-9796-44E5-9946-CEEB9A37176C}.Release|Any CPU.Build.0 = Release|Any CPU
	EndGlobalSection
	GlobalSection(SolutionProperties) = preSolution
		HideSolutionNode = FALSE
	EndGlobalSection
	GlobalSection(ExtensibilityGlobals) = postSolution
		SolutionGuid = {4904CC11-7712-4BC4-8571-D5A1CCBA6A3A}
	EndGlobalSection
EndGlobal
